
Microsoft Visual Studio Solution File, Format Version 12.00
# Visual Studio Version 17
VisualStudioVersion = 17.5.002.0
MinimumVisualStudioVersion = 10.0.40219.1
Project("{9A19103F-16F7-4668-BE54-9A1E7A4F7556}") = ".Net", ".Net.csproj", "{29071DFD-A40C-4D34-B5EA-5C7F2D98D1BD}"
EndProject
Project("{FAE04EC0-301F-11D3-BF4B-00C04F79EFBC}") = "Lesson1", "Lesson1\Lesson1.csproj", "{BFF60072-0DCD-407E-BF71-E04758410EC3}"
EndProject
Project("{FAE04EC0-301F-11D3-BF4B-00C04F79EFBC}") = "Running", "Running\Running.csproj", "{BD541086-FC95-4FBE-ADA6-13E3C9F5BE61}"
EndProject
Global
	GlobalSection(SolutionConfigurationPlatforms) = preSolution
		Debug|Any CPU = Debug|Any CPU
		Release|Any CPU = Release|Any CPU
	EndGlobalSection
	GlobalSection(ProjectConfigurationPlatforms) = postSolution
		{29071DFD-A40C-4D34-B5EA-5C7F2D98D1BD}.Debug|Any CPU.ActiveCfg = Debug|Any CPU
		{29071DFD-A40C-4D34-B5EA-5C7F2D98D1BD}.Debug|Any CPU.Build.0 = Debug|Any CPU
		{29071DFD-A40C-4D34-B5EA-5C7F2D98D1BD}.Release|Any CPU.ActiveCfg = Release|Any CPU
		{29071DFD-A40C-4D34-B5EA-5C7F2D98D1BD}.Release|Any CPU.Build.0 = Release|Any CPU
		{BFF60072-0DCD-407E-BF71-E04758410EC3}.Debug|Any CPU.ActiveCfg = Debug|Any CPU
		{BFF60072-0DCD-407E-BF71-E04758410EC3}.Debug|Any CPU.Build.0 = Debug|Any CPU
		{BFF60072-0DCD-407E-BF71-E04758410EC3}.Release|Any CPU.ActiveCfg = Release|Any CPU
		{BFF60072-0DCD-407E-BF71-E04758410EC3}.Release|Any CPU.Build.0 = Release|Any CPU
		{BD541086-FC95-4FBE-ADA6-13E3C9F5BE61}.Debug|Any CPU.ActiveCfg = Debug|Any CPU
		{BD541086-FC95-4FBE-ADA6-13E3C9F5BE61}.Debug|Any CPU.Build.0 = Debug|Any CPU
		{BD541086-FC95-4FBE-ADA6-13E3C9F5BE61}.Release|Any CPU.ActiveCfg = Release|Any CPU
		{BD541086-FC95-4FBE-ADA6-13E3C9F5BE61}.Release|Any CPU.Build.0 = Release|Any CPU
	EndGlobalSection
	GlobalSection(SolutionProperties) = preSolution
		HideSolutionNode = FALSE
	EndGlobalSection
	GlobalSection(ExtensibilityGlobals) = postSolution
		SolutionGuid = {78FDAED4-D4E2-40BE-A5D7-13EA2168BFA1}
	EndGlobalSection
EndGlobal
